// !$*UTF8*$!
{
	archiveVersion = 1;
	classes = {
	};
	objectVersion = 56;
	objects = {

/* Begin PBXBuildFile section */
		E52C9E932C252CCC00C90979 /* SwiftDate in Frameworks */ = {isa = PBXBuildFile; productRef = E52C9E922C252CCC00C90979 /* SwiftDate */; };
		E53E659D2C23FCD800B9B7C8 /* CarInviteAlert.swift in Sources */ = {isa = PBXBuildFile; fileRef = E53E659C2C23FCD800B9B7C8 /* CarInviteAlert.swift */; };
		E53E659F2C2400FF00B9B7C8 /* InviteUserSheet.swift in Sources */ = {isa = PBXBuildFile; fileRef = E53E659E2C2400FF00B9B7C8 /* InviteUserSheet.swift */; };
		E55434392C25E1EC00940AF0 /* RequestCarSheet.swift in Sources */ = {isa = PBXBuildFile; fileRef = E55434382C25E1EC00940AF0 /* RequestCarSheet.swift */; };
		E55A58E82C229CEA000E6EA8 /* CarUpcomingEvent.swift in Sources */ = {isa = PBXBuildFile; fileRef = E55A58E72C229CEA000E6EA8 /* CarUpcomingEvent.swift */; };
		E55A58EA2C2310E6000E6EA8 /* RangeAlert.swift in Sources */ = {isa = PBXBuildFile; fileRef = E55A58E92C2310E6000E6EA8 /* RangeAlert.swift */; };
		E55A58EC2C2317B3000E6EA8 /* EpochDescriptions.swift in Sources */ = {isa = PBXBuildFile; fileRef = E55A58EB2C2317B3000E6EA8 /* EpochDescriptions.swift */; };
		E55A58EE2C232859000E6EA8 /* SymbolButton.swift in Sources */ = {isa = PBXBuildFile; fileRef = E55A58ED2C232859000E6EA8 /* SymbolButton.swift */; };
		E560EBB82C233414007EE00D /* ProfileSheet.swift in Sources */ = {isa = PBXBuildFile; fileRef = E560EBB72C233414007EE00D /* ProfileSheet.swift */; };
		E560EBBB2C233A0E007EE00D /* Splotch.swift in Sources */ = {isa = PBXBuildFile; fileRef = E560EBBA2C233A0E007EE00D /* Splotch.swift */; };
		E56374362C2357DB00DB91AC /* CarProfileCapsule.swift in Sources */ = {isa = PBXBuildFile; fileRef = E56374352C2357DB00DB91AC /* CarProfileCapsule.swift */; };
		E57E3FB12C22018800A567EE /* User.swift in Sources */ = {isa = PBXBuildFile; fileRef = E57E3FB02C22018800A567EE /* User.swift */; };
		E57E3FB52C220B1500A567EE /* NetworkConstants.swift in Sources */ = {isa = PBXBuildFile; fileRef = E57E3FB42C220B1500A567EE /* NetworkConstants.swift */; };
		E57E3FB82C22178800A567EE /* NetworkModels.swift in Sources */ = {isa = PBXBuildFile; fileRef = E57E3FB72C22178800A567EE /* NetworkModels.swift */; };
		E57E3FBA2C222CB100A567EE /* HomeView.swift in Sources */ = {isa = PBXBuildFile; fileRef = E57E3FB92C222CB100A567EE /* HomeView.swift */; };
		E57E3FBD2C222E1800A567EE /* CalendarView.swift in Sources */ = {isa = PBXBuildFile; fileRef = E57E3FBC2C222E1800A567EE /* CalendarView.swift */; };
		E57E3FBF2C2230AA00A567EE /* CarStatusView.swift in Sources */ = {isa = PBXBuildFile; fileRef = E57E3FBE2C2230AA00A567EE /* CarStatusView.swift */; };
		E57E3FC12C22330F00A567EE /* RangeStatusView.swift in Sources */ = {isa = PBXBuildFile; fileRef = E57E3FC02C22330F00A567EE /* RangeStatusView.swift */; };
		E57E3FC32C2239CB00A567EE /* ActionButtonsView.swift in Sources */ = {isa = PBXBuildFile; fileRef = E57E3FC22C2239CB00A567EE /* ActionButtonsView.swift */; };
		E57E3FC52C226BBB00A567EE /* CircleButton.swift in Sources */ = {isa = PBXBuildFile; fileRef = E57E3FC42C226BBB00A567EE /* CircleButton.swift */; };
		E57E3FC72C2283A000A567EE /* CarRequestAlert.swift in Sources */ = {isa = PBXBuildFile; fileRef = E57E3FC62C2283A000A567EE /* CarRequestAlert.swift */; };
		E57E3FC92C22865900A567EE /* CapsuleButton.swift in Sources */ = {isa = PBXBuildFile; fileRef = E57E3FC82C22865900A567EE /* CapsuleButton.swift */; };
		E57E3FCB2C22910800A567EE /* ColorManager.swift in Sources */ = {isa = PBXBuildFile; fileRef = E57E3FCA2C22910800A567EE /* ColorManager.swift */; };
		E5891EAE2C2491AC004B76C8 /* CalendarBackend.swift in Sources */ = {isa = PBXBuildFile; fileRef = E5891EAD2C2491AC004B76C8 /* CalendarBackend.swift */; };
		E5891EB12C249463004B76C8 /* CalendarHeader.swift in Sources */ = {isa = PBXBuildFile; fileRef = E5891EB02C249463004B76C8 /* CalendarHeader.swift */; };
		E58E72CC2C287D6C00D3C383 /* NotificationManager.swift in Sources */ = {isa = PBXBuildFile; fileRef = E58E72CB2C287D6C00D3C383 /* NotificationManager.swift */; };
		E5A1E7FD2C2547D600266AF7 /* CalendarCaps.swift in Sources */ = {isa = PBXBuildFile; fileRef = E5A1E7FC2C2547D600266AF7 /* CalendarCaps.swift */; };
		E5B180582C27373300CAE05C /* LoadingView.swift in Sources */ = {isa = PBXBuildFile; fileRef = E5B180572C27373300CAE05C /* LoadingView.swift */; };
		E5BAF82E2C24829D00CBF0B7 /* JoinCarSheet.swift in Sources */ = {isa = PBXBuildFile; fileRef = E5BAF82D2C24829D00CBF0B7 /* JoinCarSheet.swift */; };
		E5EEA0852C21F00B008A06BB /* CarPassApp.swift in Sources */ = {isa = PBXBuildFile; fileRef = E5EEA0842C21F00B008A06BB /* CarPassApp.swift */; };
		E5EEA0872C21F00B008A06BB /* ContentView.swift in Sources */ = {isa = PBXBuildFile; fileRef = E5EEA0862C21F00B008A06BB /* ContentView.swift */; };
		E5EEA08B2C21F00D008A06BB /* Assets.xcassets in Resources */ = {isa = PBXBuildFile; fileRef = E5EEA08A2C21F00D008A06BB /* Assets.xcassets */; };
		E5EEA08F2C21F00D008A06BB /* Preview Assets.xcassets in Resources */ = {isa = PBXBuildFile; fileRef = E5EEA08E2C21F00D008A06BB /* Preview Assets.xcassets */; };
/* End PBXBuildFile section */

/* Begin PBXFileReference section */
		E53E659B2C23EEE900B9B7C8 /* Info.plist */ = {isa = PBXFileReference; lastKnownFileType = text.plist; path = Info.plist; sourceTree = "<group>"; };
		E53E659C2C23FCD800B9B7C8 /* CarInviteAlert.swift */ = {isa = PBXFileReference; lastKnownFileType = sourcecode.swift; path = CarInviteAlert.swift; sourceTree = "<group>"; };
		E53E659E2C2400FF00B9B7C8 /* InviteUserSheet.swift */ = {isa = PBXFileReference; lastKnownFileType = sourcecode.swift; path = InviteUserSheet.swift; sourceTree = "<group>"; };
		E55434382C25E1EC00940AF0 /* RequestCarSheet.swift */ = {isa = PBXFileReference; lastKnownFileType = sourcecode.swift; path = RequestCarSheet.swift; sourceTree = "<group>"; };
		E55A58E72C229CEA000E6EA8 /* CarUpcomingEvent.swift */ = {isa = PBXFileReference; lastKnownFileType = sourcecode.swift; path = CarUpcomingEvent.swift; sourceTree = "<group>"; };
		E55A58E92C2310E6000E6EA8 /* RangeAlert.swift */ = {isa = PBXFileReference; lastKnownFileType = sourcecode.swift; path = RangeAlert.swift; sourceTree = "<group>"; };
		E55A58EB2C2317B3000E6EA8 /* EpochDescriptions.swift */ = {isa = PBXFileReference; lastKnownFileType = sourcecode.swift; path = EpochDescriptions.swift; sourceTree = "<group>"; };
		E55A58ED2C232859000E6EA8 /* SymbolButton.swift */ = {isa = PBXFileReference; lastKnownFileType = sourcecode.swift; path = SymbolButton.swift; sourceTree = "<group>"; };
		E560EBB72C233414007EE00D /* ProfileSheet.swift */ = {isa = PBXFileReference; lastKnownFileType = sourcecode.swift; path = ProfileSheet.swift; sourceTree = "<group>"; };
		E560EBBA2C233A0E007EE00D /* Splotch.swift */ = {isa = PBXFileReference; lastKnownFileType = sourcecode.swift; path = Splotch.swift; sourceTree = "<group>"; };
		E56374352C2357DB00DB91AC /* CarProfileCapsule.swift */ = {isa = PBXFileReference; lastKnownFileType = sourcecode.swift; path = CarProfileCapsule.swift; sourceTree = "<group>"; };
		E57E3FB02C22018800A567EE /* User.swift */ = {isa = PBXFileReference; lastKnownFileType = sourcecode.swift; path = User.swift; sourceTree = "<group>"; };
		E57E3FB42C220B1500A567EE /* NetworkConstants.swift */ = {isa = PBXFileReference; lastKnownFileType = sourcecode.swift; path = NetworkConstants.swift; sourceTree = "<group>"; };
		E57E3FB72C22178800A567EE /* NetworkModels.swift */ = {isa = PBXFileReference; lastKnownFileType = sourcecode.swift; path = NetworkModels.swift; sourceTree = "<group>"; };
		E57E3FB92C222CB100A567EE /* HomeView.swift */ = {isa = PBXFileReference; lastKnownFileType = sourcecode.swift; path = HomeView.swift; sourceTree = "<group>"; };
		E57E3FBC2C222E1800A567EE /* CalendarView.swift */ = {isa = PBXFileReference; lastKnownFileType = sourcecode.swift; path = CalendarView.swift; sourceTree = "<group>"; };
		E57E3FBE2C2230AA00A567EE /* CarStatusView.swift */ = {isa = PBXFileReference; lastKnownFileType = sourcecode.swift; path = CarStatusView.swift; sourceTree = "<group>"; };
		E57E3FC02C22330F00A567EE /* RangeStatusView.swift */ = {isa = PBXFileReference; lastKnownFileType = sourcecode.swift; path = RangeStatusView.swift; sourceTree = "<group>"; };
		E57E3FC22C2239CB00A567EE /* ActionButtonsView.swift */ = {isa = PBXFileReference; lastKnownFileType = sourcecode.swift; path = ActionButtonsView.swift; sourceTree = "<group>"; };
		E57E3FC42C226BBB00A567EE /* CircleButton.swift */ = {isa = PBXFileReference; lastKnownFileType = sourcecode.swift; path = CircleButton.swift; sourceTree = "<group>"; };
		E57E3FC62C2283A000A567EE /* CarRequestAlert.swift */ = {isa = PBXFileReference; lastKnownFileType = sourcecode.swift; path = CarRequestAlert.swift; sourceTree = "<group>"; };
		E57E3FC82C22865900A567EE /* CapsuleButton.swift */ = {isa = PBXFileReference; lastKnownFileType = sourcecode.swift; path = CapsuleButton.swift; sourceTree = "<group>"; };
		E57E3FCA2C22910800A567EE /* ColorManager.swift */ = {isa = PBXFileReference; lastKnownFileType = sourcecode.swift; path = ColorManager.swift; sourceTree = "<group>"; };
		E5891EAD2C2491AC004B76C8 /* CalendarBackend.swift */ = {isa = PBXFileReference; lastKnownFileType = sourcecode.swift; path = CalendarBackend.swift; sourceTree = "<group>"; };
		E5891EB02C249463004B76C8 /* CalendarHeader.swift */ = {isa = PBXFileReference; lastKnownFileType = sourcecode.swift; path = CalendarHeader.swift; sourceTree = "<group>"; };
		E58E72CB2C287D6C00D3C383 /* NotificationManager.swift */ = {isa = PBXFileReference; lastKnownFileType = sourcecode.swift; path = NotificationManager.swift; sourceTree = "<group>"; };
		E5A1E7FC2C2547D600266AF7 /* CalendarCaps.swift */ = {isa = PBXFileReference; lastKnownFileType = sourcecode.swift; path = CalendarCaps.swift; sourceTree = "<group>"; };
		E5B180572C27373300CAE05C /* LoadingView.swift */ = {isa = PBXFileReference; lastKnownFileType = sourcecode.swift; path = LoadingView.swift; sourceTree = "<group>"; };
		E5BAF82D2C24829D00CBF0B7 /* JoinCarSheet.swift */ = {isa = PBXFileReference; lastKnownFileType = sourcecode.swift; path = JoinCarSheet.swift; sourceTree = "<group>"; };
		E5EEA0812C21F00B008A06BB /* CarPass.app */ = {isa = PBXFileReference; explicitFileType = wrapper.application; includeInIndex = 0; path = CarPass.app; sourceTree = BUILT_PRODUCTS_DIR; };
		E5EEA0842C21F00B008A06BB /* CarPassApp.swift */ = {isa = PBXFileReference; lastKnownFileType = sourcecode.swift; path = CarPassApp.swift; sourceTree = "<group>"; };
		E5EEA0862C21F00B008A06BB /* ContentView.swift */ = {isa = PBXFileReference; lastKnownFileType = sourcecode.swift; path = ContentView.swift; sourceTree = "<group>"; };
		E5EEA08A2C21F00D008A06BB /* Assets.xcassets */ = {isa = PBXFileReference; lastKnownFileType = folder.assetcatalog; path = Assets.xcassets; sourceTree = "<group>"; };
		E5EEA08C2C21F00D008A06BB /* CarPass.entitlements */ = {isa = PBXFileReference; lastKnownFileType = text.plist.entitlements; path = CarPass.entitlements; sourceTree = "<group>"; };
		E5EEA08E2C21F00D008A06BB /* Preview Assets.xcassets */ = {isa = PBXFileReference; lastKnownFileType = folder.assetcatalog; path = "Preview Assets.xcassets"; sourceTree = "<group>"; };
/* End PBXFileReference section */

/* Begin PBXFrameworksBuildPhase section */
		E5EEA07E2C21F00B008A06BB /* Frameworks */ = {
			isa = PBXFrameworksBuildPhase;
			buildActionMask = 2147483647;
			files = (
				E52C9E932C252CCC00C90979 /* SwiftDate in Frameworks */,
			);
			runOnlyForDeploymentPostprocessing = 0;
		};
/* End PBXFrameworksBuildPhase section */

/* Begin PBXGroup section */
		E55434372C25E1E200940AF0 /* Car Request */ = {
			isa = PBXGroup;
			children = (
				E55434382C25E1EC00940AF0 /* RequestCarSheet.swift */,
			);
			path = "Car Request";
			sourceTree = "<group>";
		};
		E560EBB62C232FBF007EE00D /* Alerts */ = {
			isa = PBXGroup;
			children = (
				E57E3FC62C2283A000A567EE /* CarRequestAlert.swift */,
				E55A58E72C229CEA000E6EA8 /* CarUpcomingEvent.swift */,
			);
			path = Alerts;
			sourceTree = "<group>";
		};
		E560EBB92C2339FC007EE00D /* Profile */ = {
			isa = PBXGroup;
			children = (
				E560EBB72C233414007EE00D /* ProfileSheet.swift */,
				E560EBBA2C233A0E007EE00D /* Splotch.swift */,
				E53E659E2C2400FF00B9B7C8 /* InviteUserSheet.swift */,
				E5BAF82D2C24829D00CBF0B7 /* JoinCarSheet.swift */,
				E53E659C2C23FCD800B9B7C8 /* CarInviteAlert.swift */,
			);
			path = Profile;
			sourceTree = "<group>";
		};
		E57E3FAE2C22017000A567EE /* Views */ = {
			isa = PBXGroup;
			children = (
				E57E3FC42C226BBB00A567EE /* CircleButton.swift */,
				E57E3FC82C22865900A567EE /* CapsuleButton.swift */,
				E55A58ED2C232859000E6EA8 /* SymbolButton.swift */,
				E56374352C2357DB00DB91AC /* CarProfileCapsule.swift */,
			);
			path = Views;
			sourceTree = "<group>";
		};
		E57E3FAF2C22017700A567EE /* Backend */ = {
			isa = PBXGroup;
			children = (
				E57E3FB02C22018800A567EE /* User.swift */,
				E55A58EB2C2317B3000E6EA8 /* EpochDescriptions.swift */,
				E57E3FCA2C22910800A567EE /* ColorManager.swift */,
				E5891EAD2C2491AC004B76C8 /* CalendarBackend.swift */,
				E57E3FB62C2214B600A567EE /* Networking */,
			);
			path = Backend;
			sourceTree = "<group>";
		};
		E57E3FB62C2214B600A567EE /* Networking */ = {
			isa = PBXGroup;
			children = (
				E57E3FB42C220B1500A567EE /* NetworkConstants.swift */,
				E57E3FB72C22178800A567EE /* NetworkModels.swift */,
				E55A58E92C2310E6000E6EA8 /* RangeAlert.swift */,
				E58E72CB2C287D6C00D3C383 /* NotificationManager.swift */,
			);
			path = Networking;
			sourceTree = "<group>";
		};
		E57E3FBB2C222DFA00A567EE /* Home */ = {
			isa = PBXGroup;
			children = (
				E57E3FC22C2239CB00A567EE /* ActionButtonsView.swift */,
				E57E3FBE2C2230AA00A567EE /* CarStatusView.swift */,
				E55434372C25E1E200940AF0 /* Car Request */,
				E5891EAF2C249434004B76C8 /* Calendar Layers */,
				E57E3FC02C22330F00A567EE /* RangeStatusView.swift */,
				E560EBB92C2339FC007EE00D /* Profile */,
				E560EBB62C232FBF007EE00D /* Alerts */,
			);
			path = Home;
			sourceTree = "<group>";
		};
		E5891EAF2C249434004B76C8 /* Calendar Layers */ = {
			isa = PBXGroup;
			children = (
				E57E3FBC2C222E1800A567EE /* CalendarView.swift */,
				E5891EB02C249463004B76C8 /* CalendarHeader.swift */,
				E5A1E7FC2C2547D600266AF7 /* CalendarCaps.swift */,
			);
			path = "Calendar Layers";
			sourceTree = "<group>";
		};
		E5EEA0782C21F00B008A06BB = {
			isa = PBXGroup;
			children = (
				E5EEA0832C21F00B008A06BB /* CarPass */,
				E5EEA0822C21F00B008A06BB /* Products */,
			);
			sourceTree = "<group>";
		};
		E5EEA0822C21F00B008A06BB /* Products */ = {
			isa = PBXGroup;
			children = (
				E5EEA0812C21F00B008A06BB /* CarPass.app */,
			);
			name = Products;
			sourceTree = "<group>";
		};
		E5EEA0832C21F00B008A06BB /* CarPass */ = {
			isa = PBXGroup;
			children = (
				E53E659B2C23EEE900B9B7C8 /* Info.plist */,
				E5EEA0842C21F00B008A06BB /* CarPassApp.swift */,
				E5EEA0862C21F00B008A06BB /* ContentView.swift */,
				E5B180572C27373300CAE05C /* LoadingView.swift */,
				E57E3FB92C222CB100A567EE /* HomeView.swift */,
				E57E3FBB2C222DFA00A567EE /* Home */,
				E57E3FAE2C22017000A567EE /* Views */,
				E57E3FAF2C22017700A567EE /* Backend */,
				E5EEA08A2C21F00D008A06BB /* Assets.xcassets */,
				E5EEA08C2C21F00D008A06BB /* CarPass.entitlements */,
				E5EEA08D2C21F00D008A06BB /* Preview Content */,
			);
			path = CarPass;
			sourceTree = "<group>";
		};
		E5EEA08D2C21F00D008A06BB /* Preview Content */ = {
			isa = PBXGroup;
			children = (
				E5EEA08E2C21F00D008A06BB /* Preview Assets.xcassets */,
			);
			path = "Preview Content";
			sourceTree = "<group>";
		};
/* End PBXGroup section */

/* Begin PBXNativeTarget section */
		E5EEA0802C21F00B008A06BB /* CarPass */ = {
			isa = PBXNativeTarget;
			buildConfigurationList = E5EEA0922C21F00D008A06BB /* Build configuration list for PBXNativeTarget "CarPass" */;
			buildPhases = (
				E5EEA07D2C21F00B008A06BB /* Sources */,
				E5EEA07E2C21F00B008A06BB /* Frameworks */,
				E5EEA07F2C21F00B008A06BB /* Resources */,
			);
			buildRules = (
			);
			dependencies = (
			);
			name = CarPass;
			packageProductDependencies = (
				E52C9E922C252CCC00C90979 /* SwiftDate */,
			);
			productName = CarPass;
			productReference = E5EEA0812C21F00B008A06BB /* CarPass.app */;
			productType = "com.apple.product-type.application";
		};
/* End PBXNativeTarget section */

/* Begin PBXProject section */
		E5EEA0792C21F00B008A06BB /* Project object */ = {
			isa = PBXProject;
			attributes = {
				BuildIndependentTargetsInParallel = 1;
				LastSwiftUpdateCheck = 1540;
				LastUpgradeCheck = 1540;
				TargetAttributes = {
					E5EEA0802C21F00B008A06BB = {
						CreatedOnToolsVersion = 15.4;
					};
				};
			};
			buildConfigurationList = E5EEA07C2C21F00B008A06BB /* Build configuration list for PBXProject "CarPass" */;
			compatibilityVersion = "Xcode 14.0";
			developmentRegion = en;
			hasScannedForEncodings = 0;
			knownRegions = (
				en,
				Base,
			);
			mainGroup = E5EEA0782C21F00B008A06BB;
			packageReferences = (
				E52C9E912C252CCC00C90979 /* XCRemoteSwiftPackageReference "SwiftDate" */,
			);
			productRefGroup = E5EEA0822C21F00B008A06BB /* Products */;
			projectDirPath = "";
			projectRoot = "";
			targets = (
				E5EEA0802C21F00B008A06BB /* CarPass */,
			);
		};
/* End PBXProject section */

/* Begin PBXResourcesBuildPhase section */
		E5EEA07F2C21F00B008A06BB /* Resources */ = {
			isa = PBXResourcesBuildPhase;
			buildActionMask = 2147483647;
			files = (
				E5EEA08F2C21F00D008A06BB /* Preview Assets.xcassets in Resources */,
				E5EEA08B2C21F00D008A06BB /* Assets.xcassets in Resources */,
			);
			runOnlyForDeploymentPostprocessing = 0;
		};
/* End PBXResourcesBuildPhase section */

/* Begin PBXSourcesBuildPhase section */
		E5EEA07D2C21F00B008A06BB /* Sources */ = {
			isa = PBXSourcesBuildPhase;
			buildActionMask = 2147483647;
			files = (
				E5891EB12C249463004B76C8 /* CalendarHeader.swift in Sources */,
				E53E659D2C23FCD800B9B7C8 /* CarInviteAlert.swift in Sources */,
				E56374362C2357DB00DB91AC /* CarProfileCapsule.swift in Sources */,
				E55A58EA2C2310E6000E6EA8 /* RangeAlert.swift in Sources */,
				E53E659F2C2400FF00B9B7C8 /* InviteUserSheet.swift in Sources */,
				E57E3FB12C22018800A567EE /* User.swift in Sources */,
				E560EBB82C233414007EE00D /* ProfileSheet.swift in Sources */,
				E57E3FC32C2239CB00A567EE /* ActionButtonsView.swift in Sources */,
				E57E3FBA2C222CB100A567EE /* HomeView.swift in Sources */,
				E57E3FC52C226BBB00A567EE /* CircleButton.swift in Sources */,
				E57E3FBD2C222E1800A567EE /* CalendarView.swift in Sources */,
				E5A1E7FD2C2547D600266AF7 /* CalendarCaps.swift in Sources */,
				E58E72CC2C287D6C00D3C383 /* NotificationManager.swift in Sources */,
				E57E3FCB2C22910800A567EE /* ColorManager.swift in Sources */,
				E55A58EC2C2317B3000E6EA8 /* EpochDescriptions.swift in Sources */,
				E5EEA0872C21F00B008A06BB /* ContentView.swift in Sources */,
				E57E3FC92C22865900A567EE /* CapsuleButton.swift in Sources */,
				E57E3FBF2C2230AA00A567EE /* CarStatusView.swift in Sources */,
				E55A58EE2C232859000E6EA8 /* SymbolButton.swift in Sources */,
				E57E3FC12C22330F00A567EE /* RangeStatusView.swift in Sources */,
				E55A58E82C229CEA000E6EA8 /* CarUpcomingEvent.swift in Sources */,
				E55434392C25E1EC00940AF0 /* RequestCarSheet.swift in Sources */,
				E57E3FB82C22178800A567EE /* NetworkModels.swift in Sources */,
				E5891EAE2C2491AC004B76C8 /* CalendarBackend.swift in Sources */,
				E57E3FC72C2283A000A567EE /* CarRequestAlert.swift in Sources */,
				E5BAF82E2C24829D00CBF0B7 /* JoinCarSheet.swift in Sources */,
				E560EBBB2C233A0E007EE00D /* Splotch.swift in Sources */,
				E5B180582C27373300CAE05C /* LoadingView.swift in Sources */,
				E5EEA0852C21F00B008A06BB /* CarPassApp.swift in Sources */,
				E57E3FB52C220B1500A567EE /* NetworkConstants.swift in Sources */,
			);
			runOnlyForDeploymentPostprocessing = 0;
		};
/* End PBXSourcesBuildPhase section */

/* Begin XCBuildConfiguration section */
		E5EEA0902C21F00D008A06BB /* Debug */ = {
			isa = XCBuildConfiguration;
			buildSettings = {
				ALWAYS_SEARCH_USER_PATHS = NO;
				ASSETCATALOG_COMPILER_GENERATE_SWIFT_ASSET_SYMBOL_EXTENSIONS = YES;
				CLANG_ANALYZER_NONNULL = YES;
				CLANG_ANALYZER_NUMBER_OBJECT_CONVERSION = YES_AGGRESSIVE;
				CLANG_CXX_LANGUAGE_STANDARD = "gnu++20";
				CLANG_ENABLE_MODULES = YES;
				CLANG_ENABLE_OBJC_ARC = YES;
				CLANG_ENABLE_OBJC_WEAK = YES;
				CLANG_WARN_BLOCK_CAPTURE_AUTORELEASING = YES;
				CLANG_WARN_BOOL_CONVERSION = YES;
				CLANG_WARN_COMMA = YES;
				CLANG_WARN_CONSTANT_CONVERSION = YES;
				CLANG_WARN_DEPRECATED_OBJC_IMPLEMENTATIONS = YES;
				CLANG_WARN_DIRECT_OBJC_ISA_USAGE = YES_ERROR;
				CLANG_WARN_DOCUMENTATION_COMMENTS = YES;
				CLANG_WARN_EMPTY_BODY = YES;
				CLANG_WARN_ENUM_CONVERSION = YES;
				CLANG_WARN_INFINITE_RECURSION = YES;
				CLANG_WARN_INT_CONVERSION = YES;
				CLANG_WARN_NON_LITERAL_NULL_CONVERSION = YES;
				CLANG_WARN_OBJC_IMPLICIT_RETAIN_SELF = YES;
				CLANG_WARN_OBJC_LITERAL_CONVERSION = YES;
				CLANG_WARN_OBJC_ROOT_CLASS = YES_ERROR;
				CLANG_WARN_QUOTED_INCLUDE_IN_FRAMEWORK_HEADER = YES;
				CLANG_WARN_RANGE_LOOP_ANALYSIS = YES;
				CLANG_WARN_STRICT_PROTOTYPES = YES;
				CLANG_WARN_SUSPICIOUS_MOVE = YES;
				CLANG_WARN_UNGUARDED_AVAILABILITY = YES_AGGRESSIVE;
				CLANG_WARN_UNREACHABLE_CODE = YES;
				CLANG_WARN__DUPLICATE_METHOD_MATCH = YES;
				COPY_PHASE_STRIP = NO;
				DEBUG_INFORMATION_FORMAT = dwarf;
				ENABLE_STRICT_OBJC_MSGSEND = YES;
				ENABLE_TESTABILITY = YES;
				ENABLE_USER_SCRIPT_SANDBOXING = YES;
				GCC_C_LANGUAGE_STANDARD = gnu17;
				GCC_DYNAMIC_NO_PIC = NO;
				GCC_NO_COMMON_BLOCKS = YES;
				GCC_OPTIMIZATION_LEVEL = 0;
				GCC_PREPROCESSOR_DEFINITIONS = (
					"DEBUG=1",
					"$(inherited)",
				);
				GCC_WARN_64_TO_32_BIT_CONVERSION = YES;
				GCC_WARN_ABOUT_RETURN_TYPE = YES_ERROR;
				GCC_WARN_UNDECLARED_SELECTOR = YES;
				GCC_WARN_UNINITIALIZED_AUTOS = YES_AGGRESSIVE;
				GCC_WARN_UNUSED_FUNCTION = YES;
				GCC_WARN_UNUSED_VARIABLE = YES;
				LOCALIZATION_PREFERS_STRING_CATALOGS = YES;
				MTL_ENABLE_DEBUG_INFO = INCLUDE_SOURCE;
				MTL_FAST_MATH = YES;
				ONLY_ACTIVE_ARCH = YES;
				SWIFT_ACTIVE_COMPILATION_CONDITIONS = "DEBUG $(inherited)";
				SWIFT_OPTIMIZATION_LEVEL = "-Onone";
			};
			name = Debug;
		};
		E5EEA0912C21F00D008A06BB /* Release */ = {
			isa = XCBuildConfiguration;
			buildSettings = {
				ALWAYS_SEARCH_USER_PATHS = NO;
				ASSETCATALOG_COMPILER_GENERATE_SWIFT_ASSET_SYMBOL_EXTENSIONS = YES;
				CLANG_ANALYZER_NONNULL = YES;
				CLANG_ANALYZER_NUMBER_OBJECT_CONVERSION = YES_AGGRESSIVE;
				CLANG_CXX_LANGUAGE_STANDARD = "gnu++20";
				CLANG_ENABLE_MODULES = YES;
				CLANG_ENABLE_OBJC_ARC = YES;
				CLANG_ENABLE_OBJC_WEAK = YES;
				CLANG_WARN_BLOCK_CAPTURE_AUTORELEASING = YES;
				CLANG_WARN_BOOL_CONVERSION = YES;
				CLANG_WARN_COMMA = YES;
				CLANG_WARN_CONSTANT_CONVERSION = YES;
				CLANG_WARN_DEPRECATED_OBJC_IMPLEMENTATIONS = YES;
				CLANG_WARN_DIRECT_OBJC_ISA_USAGE = YES_ERROR;
				CLANG_WARN_DOCUMENTATION_COMMENTS = YES;
				CLANG_WARN_EMPTY_BODY = YES;
				CLANG_WARN_ENUM_CONVERSION = YES;
				CLANG_WARN_INFINITE_RECURSION = YES;
				CLANG_WARN_INT_CONVERSION = YES;
				CLANG_WARN_NON_LITERAL_NULL_CONVERSION = YES;
				CLANG_WARN_OBJC_IMPLICIT_RETAIN_SELF = YES;
				CLANG_WARN_OBJC_LITERAL_CONVERSION = YES;
				CLANG_WARN_OBJC_ROOT_CLASS = YES_ERROR;
				CLANG_WARN_QUOTED_INCLUDE_IN_FRAMEWORK_HEADER = YES;
				CLANG_WARN_RANGE_LOOP_ANALYSIS = YES;
				CLANG_WARN_STRICT_PROTOTYPES = YES;
				CLANG_WARN_SUSPICIOUS_MOVE = YES;
				CLANG_WARN_UNGUARDED_AVAILABILITY = YES_AGGRESSIVE;
				CLANG_WARN_UNREACHABLE_CODE = YES;
				CLANG_WARN__DUPLICATE_METHOD_MATCH = YES;
				COPY_PHASE_STRIP = NO;
				DEBUG_INFORMATION_FORMAT = "dwarf-with-dsym";
				ENABLE_NS_ASSERTIONS = NO;
				ENABLE_STRICT_OBJC_MSGSEND = YES;
				ENABLE_USER_SCRIPT_SANDBOXING = YES;
				GCC_C_LANGUAGE_STANDARD = gnu17;
				GCC_NO_COMMON_BLOCKS = YES;
				GCC_WARN_64_TO_32_BIT_CONVERSION = YES;
				GCC_WARN_ABOUT_RETURN_TYPE = YES_ERROR;
				GCC_WARN_UNDECLARED_SELECTOR = YES;
				GCC_WARN_UNINITIALIZED_AUTOS = YES_AGGRESSIVE;
				GCC_WARN_UNUSED_FUNCTION = YES;
				GCC_WARN_UNUSED_VARIABLE = YES;
				LOCALIZATION_PREFERS_STRING_CATALOGS = YES;
				MTL_ENABLE_DEBUG_INFO = NO;
				MTL_FAST_MATH = YES;
				SWIFT_COMPILATION_MODE = wholemodule;
			};
			name = Release;
		};
		E5EEA0932C21F00D008A06BB /* Debug */ = {
			isa = XCBuildConfiguration;
			buildSettings = {
				ASSETCATALOG_COMPILER_APPICON_NAME = AppIcon;
				ASSETCATALOG_COMPILER_GLOBAL_ACCENT_COLOR_NAME = AccentColor;
				CODE_SIGN_ENTITLEMENTS = CarPass/CarPass.entitlements;
				CODE_SIGN_STYLE = Automatic;
				CURRENT_PROJECT_VERSION = 1;
				DEVELOPMENT_ASSET_PATHS = "\"CarPass/Preview Content\"";
				DEVELOPMENT_TEAM = 9FHFSG84SL;
				ENABLE_HARDENED_RUNTIME = YES;
				ENABLE_PREVIEWS = YES;
				GENERATE_INFOPLIST_FILE = YES;
				INFOPLIST_FILE = CarPass/Info.plist;
				"INFOPLIST_KEY_UIApplicationSceneManifest_Generation[sdk=iphoneos*]" = YES;
				"INFOPLIST_KEY_UIApplicationSceneManifest_Generation[sdk=iphonesimulator*]" = YES;
				"INFOPLIST_KEY_UIApplicationSupportsIndirectInputEvents[sdk=iphoneos*]" = YES;
				"INFOPLIST_KEY_UIApplicationSupportsIndirectInputEvents[sdk=iphonesimulator*]" = YES;
				"INFOPLIST_KEY_UILaunchScreen_Generation[sdk=iphoneos*]" = YES;
				"INFOPLIST_KEY_UILaunchScreen_Generation[sdk=iphonesimulator*]" = YES;
				"INFOPLIST_KEY_UIStatusBarStyle[sdk=iphoneos*]" = UIStatusBarStyleDefault;
				"INFOPLIST_KEY_UIStatusBarStyle[sdk=iphonesimulator*]" = UIStatusBarStyleDefault;
				INFOPLIST_KEY_UISupportedInterfaceOrientations = UIInterfaceOrientationPortrait;
				INFOPLIST_KEY_UISupportedInterfaceOrientations_iPad = "UIInterfaceOrientationLandscapeLeft UIInterfaceOrientationLandscapeRight UIInterfaceOrientationPortrait UIInterfaceOrientationPortraitUpsideDown";
				IPHONEOS_DEPLOYMENT_TARGET = 17.0;
				LD_RUNPATH_SEARCH_PATHS = "@executable_path/Frameworks";
				"LD_RUNPATH_SEARCH_PATHS[sdk=macosx*]" = "@executable_path/../Frameworks";
				MACOSX_DEPLOYMENT_TARGET = 14.0;
				MARKETING_VERSION = 1.2;
				PRODUCT_BUNDLE_IDENTIFIER = charliegiannis.CarPass;
				PRODUCT_NAME = "$(TARGET_NAME)";
				SDKROOT = auto;
				SUPPORTED_PLATFORMS = "iphoneos iphonesimulator";
				SUPPORTS_MACCATALYST = NO;
				SWIFT_EMIT_LOC_STRINGS = YES;
				SWIFT_VERSION = 5.0;
				TARGETED_DEVICE_FAMILY = 1;
			};
			name = Debug;
		};
		E5EEA0942C21F00D008A06BB /* Release */ = {
			isa = XCBuildConfiguration;
			buildSettings = {
				ASSETCATALOG_COMPILER_APPICON_NAME = AppIcon;
				ASSETCATALOG_COMPILER_GLOBAL_ACCENT_COLOR_NAME = AccentColor;
				CODE_SIGN_ENTITLEMENTS = CarPass/CarPass.entitlements;
				CODE_SIGN_STYLE = Automatic;
				CURRENT_PROJECT_VERSION = 1;
				DEVELOPMENT_ASSET_PATHS = "\"CarPass/Preview Content\"";
				DEVELOPMENT_TEAM = 9FHFSG84SL;
				ENABLE_HARDENED_RUNTIME = YES;
				ENABLE_PREVIEWS = YES;
				GENERATE_INFOPLIST_FILE = YES;
				INFOPLIST_FILE = CarPass/Info.plist;
				"INFOPLIST_KEY_UIApplicationSceneManifest_Generation[sdk=iphoneos*]" = YES;
				"INFOPLIST_KEY_UIApplicationSceneManifest_Generation[sdk=iphonesimulator*]" = YES;
				"INFOPLIST_KEY_UIApplicationSupportsIndirectInputEvents[sdk=iphoneos*]" = YES;
				"INFOPLIST_KEY_UIApplicationSupportsIndirectInputEvents[sdk=iphonesimulator*]" = YES;
				"INFOPLIST_KEY_UILaunchScreen_Generation[sdk=iphoneos*]" = YES;
				"INFOPLIST_KEY_UILaunchScreen_Generation[sdk=iphonesimulator*]" = YES;
				"INFOPLIST_KEY_UIStatusBarStyle[sdk=iphoneos*]" = UIStatusBarStyleDefault;
				"INFOPLIST_KEY_UIStatusBarStyle[sdk=iphonesimulator*]" = UIStatusBarStyleDefault;
				INFOPLIST_KEY_UISupportedInterfaceOrientations = UIInterfaceOrientationPortrait;
				INFOPLIST_KEY_UISupportedInterfaceOrientations_iPad = "UIInterfaceOrientationLandscapeLeft UIInterfaceOrientationLandscapeRight UIInterfaceOrientationPortrait UIInterfaceOrientationPortraitUpsideDown";
				IPHONEOS_DEPLOYMENT_TARGET = 17.0;
				LD_RUNPATH_SEARCH_PATHS = "@executable_path/Frameworks";
				"LD_RUNPATH_SEARCH_PATHS[sdk=macosx*]" = "@executable_path/../Frameworks";
				MACOSX_DEPLOYMENT_TARGET = 14.0;
				MARKETING_VERSION = 1.2;
				PRODUCT_BUNDLE_IDENTIFIER = charliegiannis.CarPass;
				PRODUCT_NAME = "$(TARGET_NAME)";
				SDKROOT = auto;
				SUPPORTED_PLATFORMS = "iphoneos iphonesimulator";
				SUPPORTS_MACCATALYST = NO;
				SWIFT_EMIT_LOC_STRINGS = YES;
				SWIFT_VERSION = 5.0;
				TARGETED_DEVICE_FAMILY = 1;
			};
			name = Release;
		};
/* End XCBuildConfiguration section */

/* Begin XCConfigurationList section */
		E5EEA07C2C21F00B008A06BB /* Build configuration list for PBXProject "CarPass" */ = {
			isa = XCConfigurationList;
			buildConfigurations = (
				E5EEA0902C21F00D008A06BB /* Debug */,
				E5EEA0912C21F00D008A06BB /* Release */,
			);
			defaultConfigurationIsVisible = 0;
			defaultConfigurationName = Release;
		};
		E5EEA0922C21F00D008A06BB /* Build configuration list for PBXNativeTarget "CarPass" */ = {
			isa = XCConfigurationList;
			buildConfigurations = (
				E5EEA0932C21F00D008A06BB /* Debug */,
				E5EEA0942C21F00D008A06BB /* Release */,
			);
			defaultConfigurationIsVisible = 0;
			defaultConfigurationName = Release;
		};
/* End XCConfigurationList section */

/* Begin XCRemoteSwiftPackageReference section */
		E52C9E912C252CCC00C90979 /* XCRemoteSwiftPackageReference "SwiftDate" */ = {
			isa = XCRemoteSwiftPackageReference;
			repositoryURL = "https://github.com/malcommac/SwiftDate";
			requirement = {
				kind = upToNextMajorVersion;
				minimumVersion = 7.0.0;
			};
		};
/* End XCRemoteSwiftPackageReference section */

/* Begin XCSwiftPackageProductDependency section */
		E52C9E922C252CCC00C90979 /* SwiftDate */ = {
			isa = XCSwiftPackageProductDependency;
			package = E52C9E912C252CCC00C90979 /* XCRemoteSwiftPackageReference "SwiftDate" */;
			productName = SwiftDate;
		};
/* End XCSwiftPackageProductDependency section */
	};
	rootObject = E5EEA0792C21F00B008A06BB /* Project object */;
}
